
Microsoft Visual Studio Solution File, Format Version 12.00
# Visual Studio Version 17
VisualStudioVersion = 17.11.35327.3
MinimumVisualStudioVersion = 10.0.40219.1
Project("{FAE04EC0-301F-11D3-BF4B-00C04F79EFBC}") = "ListaExerciciosSwitchCase", "ListaExerciciosSwitchCase\ListaExerciciosSwitchCase.csproj", "{47AA7BAE-CD02-493A-9045-2E49006F2593}"
EndProject
Global
	GlobalSection(SolutionConfigurationPlatforms) = preSolution
		Debug|Any CPU = Debug|Any CPU
		Release|Any CPU = Release|Any CPU
	EndGlobalSection
	GlobalSection(ProjectConfigurationPlatforms) = postSolution
		{47AA7BAE-CD02-493A-9045-2E49006F2593}.Debug|Any CPU.ActiveCfg = Debug|Any CPU
		{47AA7BAE-CD02-493A-9045-2E49006F2593}.Debug|Any CPU.Build.0 = Debug|Any CPU
		{47AA7BAE-CD02-493A-9045-2E49006F2593}.Release|Any CPU.ActiveCfg = Release|Any CPU
		{47AA7BAE-CD02-493A-9045-2E49006F2593}.Release|Any CPU.Build.0 = Release|Any CPU
	EndGlobalSection
	GlobalSection(SolutionProperties) = preSolution
		HideSolutionNode = FALSE
	EndGlobalSection
	GlobalSection(ExtensibilityGlobals) = postSolution
		SolutionGuid = {9F5891F9-C6FC-4608-BD30-804070EEDB11}
	EndGlobalSection
EndGlobal
